# THIS IS AN AUTOGENERATED FILE. DO NOT EDIT THIS FILE DIRECTLY.
# yarn lockfile v1


tcp-local-tunnel@^1.0.6:
  version "1.0.6"
  resolved "https://registry.yarnpkg.com/tcp-local-tunnel/-/tcp-local-tunnel-1.0.6.tgz#7cbc22e207fd4bb0590bacf7c3f239361a91308a"
  integrity sha512-RbtrjbVB6msBESmzsJ5YYivaQq6iZ1Uxoa1nlO14eVjIXpfm9LDKXWHrQ2J0o2Dqm66B3x7IkGd1YMeGDy2SFg==
